
Microsoft Visual Studio Solution File, Format Version 12.00
# Visual Studio Version 16
VisualStudioVersion = 16.0.31205.134
MinimumVisualStudioVersion = 10.0.40219.1
Project("{FAE04EC0-301F-11D3-BF4B-00C04F79EFBC}") = "Bookstore.WebAPI", "Bookstore.WebAPI\Bookstore.WebAPI.csproj", "{F17591DC-8848-42B6-BBDB-B8153BC80777}"
EndProject
Project("{FAE04EC0-301F-11D3-BF4B-00C04F79EFBC}") = "Bookstore.Core", "Bookstore.Core\Bookstore.Core.csproj", "{EBD023E2-D226-41AC-B7C2-E0E86872AB1E}"
EndProject
Global
	GlobalSection(SolutionConfigurationPlatforms) = preSolution
		Debug|Any CPU = Debug|Any CPU
		Release|Any CPU = Release|Any CPU
	EndGlobalSection
	GlobalSection(ProjectConfigurationPlatforms) = postSolution
		{F17591DC-8848-42B6-BBDB-B8153BC80777}.Debug|Any CPU.ActiveCfg = Debug|Any CPU
		{F17591DC-8848-42B6-BBDB-B8153BC80777}.Debug|Any CPU.Build.0 = Debug|Any CPU
		{F17591DC-8848-42B6-BBDB-B8153BC80777}.Release|Any CPU.ActiveCfg = Release|Any CPU
		{F17591DC-8848-42B6-BBDB-B8153BC80777}.Release|Any CPU.Build.0 = Release|Any CPU
		{EBD023E2-D226-41AC-B7C2-E0E86872AB1E}.Debug|Any CPU.ActiveCfg = Debug|Any CPU
		{EBD023E2-D226-41AC-B7C2-E0E86872AB1E}.Debug|Any CPU.Build.0 = Debug|Any CPU
		{EBD023E2-D226-41AC-B7C2-E0E86872AB1E}.Release|Any CPU.ActiveCfg = Release|Any CPU
		{EBD023E2-D226-41AC-B7C2-E0E86872AB1E}.Release|Any CPU.Build.0 = Release|Any CPU
	EndGlobalSection
	GlobalSection(SolutionProperties) = preSolution
		HideSolutionNode = FALSE
	EndGlobalSection
	GlobalSection(ExtensibilityGlobals) = postSolution
		SolutionGuid = {55682AEE-A0C5-4B89-BCDE-0BDF00873A1F}
	EndGlobalSection
EndGlobal
